// !$*UTF8*$!
{
	archiveVersion = 1;
	classes = {
	};
	objectVersion = 51;
	objects = {

/* Begin PBXBuildFile section */
		B1E1FBEDEAA77AAECC194810 /* Pods_MyVinylCollection.framework in Frameworks */ = {isa = PBXBuildFile; fileRef = FE5F00575BE2B37615EE38F7 /* Pods_MyVinylCollection.framework */; };
		CD0D3A2A22AE4EFB00D1BEA8 /* AlbumDetailViewController.swift in Sources */ = {isa = PBXBuildFile; fileRef = CD0D3A2922AE4EFB00D1BEA8 /* AlbumDetailViewController.swift */; };
		CD15C3FC22A526030022F0E5 /* AppDelegate.swift in Sources */ = {isa = PBXBuildFile; fileRef = CD15C3FB22A526030022F0E5 /* AppDelegate.swift */; };
		CD15C3FE22A526030022F0E5 /* HomeViewController.swift in Sources */ = {isa = PBXBuildFile; fileRef = CD15C3FD22A526030022F0E5 /* HomeViewController.swift */; };
		CD15C40122A526030022F0E5 /* Main.storyboard in Resources */ = {isa = PBXBuildFile; fileRef = CD15C3FF22A526030022F0E5 /* Main.storyboard */; };
		CD15C40422A526030022F0E5 /* MyVinylCollection.xcdatamodeld in Sources */ = {isa = PBXBuildFile; fileRef = CD15C40222A526030022F0E5 /* MyVinylCollection.xcdatamodeld */; };
		CD15C40622A526040022F0E5 /* Assets.xcassets in Resources */ = {isa = PBXBuildFile; fileRef = CD15C40522A526040022F0E5 /* Assets.xcassets */; };
		CD15C40922A526040022F0E5 /* LaunchScreen.storyboard in Resources */ = {isa = PBXBuildFile; fileRef = CD15C40722A526040022F0E5 /* LaunchScreen.storyboard */; };
		CD15C41522A529B20022F0E5 /* RoundedUIView.swift in Sources */ = {isa = PBXBuildFile; fileRef = CD15C41422A529B20022F0E5 /* RoundedUIView.swift */; };
		CD15C41A22A57C7A0022F0E5 /* UIColor+MyVinylCollection.swift in Sources */ = {isa = PBXBuildFile; fileRef = CD15C41922A57C7A0022F0E5 /* UIColor+MyVinylCollection.swift */; };
		CD652CAD22A6DFD000C16E89 /* BaseViewController.swift in Sources */ = {isa = PBXBuildFile; fileRef = CD652CAC22A6DFD000C16E89 /* BaseViewController.swift */; };
		CD652CAF22A7178300C16E89 /* BaseTableViewController.swift in Sources */ = {isa = PBXBuildFile; fileRef = CD652CAE22A7178300C16E89 /* BaseTableViewController.swift */; };
		CD652CB122A7238500C16E89 /* Constants.swift in Sources */ = {isa = PBXBuildFile; fileRef = CD652CB022A7238500C16E89 /* Constants.swift */; };
		CD652CB422A78C0200C16E89 /* DataService.swift in Sources */ = {isa = PBXBuildFile; fileRef = CD652CB322A78C0200C16E89 /* DataService.swift */; };
		CD652CC722A8039A00C16E89 /* Album+CoreDataClass.swift in Sources */ = {isa = PBXBuildFile; fileRef = CD652CC522A8039A00C16E89 /* Album+CoreDataClass.swift */; };
		CD652CC822A8039A00C16E89 /* Album+CoreDataProperties.swift in Sources */ = {isa = PBXBuildFile; fileRef = CD652CC622A8039A00C16E89 /* Album+CoreDataProperties.swift */; };
		CD937EA022A660BD00847B6B /* homeCollectionViewCell.swift in Sources */ = {isa = PBXBuildFile; fileRef = CD937E9F22A660BD00847B6B /* homeCollectionViewCell.swift */; };
		CD937EA222A66D0C00847B6B /* RoundedUIButton.swift in Sources */ = {isa = PBXBuildFile; fileRef = CD937EA122A66D0C00847B6B /* RoundedUIButton.swift */; };
		CD937EA622A6771C00847B6B /* CollectionCoversCollectionViewCell.swift in Sources */ = {isa = PBXBuildFile; fileRef = CD937EA522A6771C00847B6B /* CollectionCoversCollectionViewCell.swift */; };
		CD937EAA22A6779F00847B6B /* ListViewTableViewCell.swift in Sources */ = {isa = PBXBuildFile; fileRef = CD937EA922A6779F00847B6B /* ListViewTableViewCell.swift */; };
		CD937EAC22A6A42000847B6B /* LoginViewController.swift in Sources */ = {isa = PBXBuildFile; fileRef = CD937EAB22A6A42000847B6B /* LoginViewController.swift */; };
		CD937EAE22A6C65400847B6B /* CollectionViewController.swift in Sources */ = {isa = PBXBuildFile; fileRef = CD937EAD22A6C65400847B6B /* CollectionViewController.swift */; };
		CD937EB022A6C66100847B6B /* WantlistViewController.swift in Sources */ = {isa = PBXBuildFile; fileRef = CD937EAF22A6C66100847B6B /* WantlistViewController.swift */; };
		CD937EB222A6C66F00847B6B /* SearchViewController.swift in Sources */ = {isa = PBXBuildFile; fileRef = CD937EB122A6C66F00847B6B /* SearchViewController.swift */; };
		CD937EB422A6C67B00847B6B /* BarCodeViewController.swift in Sources */ = {isa = PBXBuildFile; fileRef = CD937EB322A6C67B00847B6B /* BarCodeViewController.swift */; };
		CDFDF8B722AE9970004FA56E /* WantlistCollectionViewCell.swift in Sources */ = {isa = PBXBuildFile; fileRef = CDFDF8B622AE9970004FA56E /* WantlistCollectionViewCell.swift */; };
/* End PBXBuildFile section */

/* Begin PBXFileReference section */
		2E067AEEB18BDFF8E737DDA4 /* Pods-MyVinylCollection.debug.xcconfig */ = {isa = PBXFileReference; includeInIndex = 1; lastKnownFileType = text.xcconfig; name = "Pods-MyVinylCollection.debug.xcconfig"; path = "Target Support Files/Pods-MyVinylCollection/Pods-MyVinylCollection.debug.xcconfig"; sourceTree = "<group>"; };
		75A85F0A0CE32B7D9ECF7DA2 /* Pods-MyVinylCollection.release.xcconfig */ = {isa = PBXFileReference; includeInIndex = 1; lastKnownFileType = text.xcconfig; name = "Pods-MyVinylCollection.release.xcconfig"; path = "Target Support Files/Pods-MyVinylCollection/Pods-MyVinylCollection.release.xcconfig"; sourceTree = "<group>"; };
		CD0D3A2922AE4EFB00D1BEA8 /* AlbumDetailViewController.swift */ = {isa = PBXFileReference; lastKnownFileType = sourcecode.swift; path = AlbumDetailViewController.swift; sourceTree = "<group>"; };
		CD15C3F822A526030022F0E5 /* MyVinylCollection.app */ = {isa = PBXFileReference; explicitFileType = wrapper.application; includeInIndex = 0; path = MyVinylCollection.app; sourceTree = BUILT_PRODUCTS_DIR; };
		CD15C3FB22A526030022F0E5 /* AppDelegate.swift */ = {isa = PBXFileReference; lastKnownFileType = sourcecode.swift; path = AppDelegate.swift; sourceTree = "<group>"; };
		CD15C3FD22A526030022F0E5 /* HomeViewController.swift */ = {isa = PBXFileReference; lastKnownFileType = sourcecode.swift; path = HomeViewController.swift; sourceTree = "<group>"; };
		CD15C40022A526030022F0E5 /* Base */ = {isa = PBXFileReference; lastKnownFileType = file.storyboard; name = Base; path = Base.lproj/Main.storyboard; sourceTree = "<group>"; };
		CD15C40322A526030022F0E5 /* MyVinylCollection.xcdatamodel */ = {isa = PBXFileReference; lastKnownFileType = wrapper.xcdatamodel; path = MyVinylCollection.xcdatamodel; sourceTree = "<group>"; };
		CD15C40522A526040022F0E5 /* Assets.xcassets */ = {isa = PBXFileReference; lastKnownFileType = folder.assetcatalog; path = Assets.xcassets; sourceTree = "<group>"; };
		CD15C40822A526040022F0E5 /* Base */ = {isa = PBXFileReference; lastKnownFileType = file.storyboard; name = Base; path = Base.lproj/LaunchScreen.storyboard; sourceTree = "<group>"; };
		CD15C40A22A526040022F0E5 /* Info.plist */ = {isa = PBXFileReference; lastKnownFileType = text.plist.xml; path = Info.plist; sourceTree = "<group>"; };
		CD15C41422A529B20022F0E5 /* RoundedUIView.swift */ = {isa = PBXFileReference; lastKnownFileType = sourcecode.swift; path = RoundedUIView.swift; sourceTree = "<group>"; };
		CD15C41922A57C7A0022F0E5 /* UIColor+MyVinylCollection.swift */ = {isa = PBXFileReference; lastKnownFileType = sourcecode.swift; path = "UIColor+MyVinylCollection.swift"; sourceTree = "<group>"; };
		CD652CAC22A6DFD000C16E89 /* BaseViewController.swift */ = {isa = PBXFileReference; lastKnownFileType = sourcecode.swift; path = BaseViewController.swift; sourceTree = "<group>"; };
		CD652CAE22A7178300C16E89 /* BaseTableViewController.swift */ = {isa = PBXFileReference; lastKnownFileType = sourcecode.swift; path = BaseTableViewController.swift; sourceTree = "<group>"; };
		CD652CB022A7238500C16E89 /* Constants.swift */ = {isa = PBXFileReference; lastKnownFileType = sourcecode.swift; path = Constants.swift; sourceTree = "<group>"; };
		CD652CB322A78C0200C16E89 /* DataService.swift */ = {isa = PBXFileReference; lastKnownFileType = sourcecode.swift; path = DataService.swift; sourceTree = "<group>"; };
		CD652CC522A8039A00C16E89 /* Album+CoreDataClass.swift */ = {isa = PBXFileReference; lastKnownFileType = sourcecode.swift; path = "Album+CoreDataClass.swift"; sourceTree = "<group>"; };
		CD652CC622A8039A00C16E89 /* Album+CoreDataProperties.swift */ = {isa = PBXFileReference; lastKnownFileType = sourcecode.swift; path = "Album+CoreDataProperties.swift"; sourceTree = "<group>"; };
		CD937E9F22A660BD00847B6B /* homeCollectionViewCell.swift */ = {isa = PBXFileReference; lastKnownFileType = sourcecode.swift; path = homeCollectionViewCell.swift; sourceTree = "<group>"; };
		CD937EA122A66D0C00847B6B /* RoundedUIButton.swift */ = {isa = PBXFileReference; lastKnownFileType = sourcecode.swift; path = RoundedUIButton.swift; sourceTree = "<group>"; };
		CD937EA522A6771C00847B6B /* CollectionCoversCollectionViewCell.swift */ = {isa = PBXFileReference; lastKnownFileType = sourcecode.swift; path = CollectionCoversCollectionViewCell.swift; sourceTree = "<group>"; };
		CD937EA922A6779F00847B6B /* ListViewTableViewCell.swift */ = {isa = PBXFileReference; lastKnownFileType = sourcecode.swift; path = ListViewTableViewCell.swift; sourceTree = "<group>"; };
		CD937EAB22A6A42000847B6B /* LoginViewController.swift */ = {isa = PBXFileReference; lastKnownFileType = sourcecode.swift; path = LoginViewController.swift; sourceTree = "<group>"; };
		CD937EAD22A6C65400847B6B /* CollectionViewController.swift */ = {isa = PBXFileReference; lastKnownFileType = sourcecode.swift; path = CollectionViewController.swift; sourceTree = "<group>"; };
		CD937EAF22A6C66100847B6B /* WantlistViewController.swift */ = {isa = PBXFileReference; lastKnownFileType = sourcecode.swift; path = WantlistViewController.swift; sourceTree = "<group>"; };
		CD937EB122A6C66F00847B6B /* SearchViewController.swift */ = {isa = PBXFileReference; lastKnownFileType = sourcecode.swift; path = SearchViewController.swift; sourceTree = "<group>"; };
		CD937EB322A6C67B00847B6B /* BarCodeViewController.swift */ = {isa = PBXFileReference; lastKnownFileType = sourcecode.swift; path = BarCodeViewController.swift; sourceTree = "<group>"; };
		CDFDF8B622AE9970004FA56E /* WantlistCollectionViewCell.swift */ = {isa = PBXFileReference; lastKnownFileType = sourcecode.swift; path = WantlistCollectionViewCell.swift; sourceTree = "<group>"; };
		FE5F00575BE2B37615EE38F7 /* Pods_MyVinylCollection.framework */ = {isa = PBXFileReference; explicitFileType = wrapper.framework; includeInIndex = 0; path = Pods_MyVinylCollection.framework; sourceTree = BUILT_PRODUCTS_DIR; };
/* End PBXFileReference section */

/* Begin PBXFrameworksBuildPhase section */
		CD15C3F522A526030022F0E5 /* Frameworks */ = {
			isa = PBXFrameworksBuildPhase;
			buildActionMask = 2147483647;
			files = (
				B1E1FBEDEAA77AAECC194810 /* Pods_MyVinylCollection.framework in Frameworks */,
			);
			runOnlyForDeploymentPostprocessing = 0;
		};
/* End PBXFrameworksBuildPhase section */

/* Begin PBXGroup section */
		0F4040AD0DFF624D8CF7B709 /* Frameworks */ = {
			isa = PBXGroup;
			children = (
				FE5F00575BE2B37615EE38F7 /* Pods_MyVinylCollection.framework */,
			);
			name = Frameworks;
			sourceTree = "<group>";
		};
		A2B4162A89610F1D00D4F314 /* Pods */ = {
			isa = PBXGroup;
			children = (
				2E067AEEB18BDFF8E737DDA4 /* Pods-MyVinylCollection.debug.xcconfig */,
				75A85F0A0CE32B7D9ECF7DA2 /* Pods-MyVinylCollection.release.xcconfig */,
			);
			path = Pods;
			sourceTree = "<group>";
		};
		CD15C3EF22A526030022F0E5 = {
			isa = PBXGroup;
			children = (
				CD15C3FA22A526030022F0E5 /* MyVinylCollection */,
				CD15C3F922A526030022F0E5 /* Products */,
				A2B4162A89610F1D00D4F314 /* Pods */,
				0F4040AD0DFF624D8CF7B709 /* Frameworks */,
			);
			sourceTree = "<group>";
		};
		CD15C3F922A526030022F0E5 /* Products */ = {
			isa = PBXGroup;
			children = (
				CD15C3F822A526030022F0E5 /* MyVinylCollection.app */,
			);
			name = Products;
			sourceTree = "<group>";
		};
		CD15C3FA22A526030022F0E5 /* MyVinylCollection */ = {
			isa = PBXGroup;
			children = (
				CD652CB522A78FF100C16E89 /* Model */,
				CD15C3FB22A526030022F0E5 /* AppDelegate.swift */,
				CD15C40522A526040022F0E5 /* Assets.xcassets */,
				CD15C3FF22A526030022F0E5 /* Main.storyboard */,
				CD15C41122A529540022F0E5 /* ViewController */,
				CD15C41222A529650022F0E5 /* Cells */,
				CD937EB522A6D1A100847B6B /* Base */,
				CD652CB222A78B8600C16E89 /* Service */,
				CD15C41322A529920022F0E5 /* Utils */,
				CD15C40722A526040022F0E5 /* LaunchScreen.storyboard */,
				CD15C40A22A526040022F0E5 /* Info.plist */,
				CD15C40222A526030022F0E5 /* MyVinylCollection.xcdatamodeld */,
			);
			path = MyVinylCollection;
			sourceTree = "<group>";
		};
		CD15C41122A529540022F0E5 /* ViewController */ = {
			isa = PBXGroup;
			children = (
				CD15C3FD22A526030022F0E5 /* HomeViewController.swift */,
				CD937EAB22A6A42000847B6B /* LoginViewController.swift */,
				CD937EAD22A6C65400847B6B /* CollectionViewController.swift */,
				CD937EAF22A6C66100847B6B /* WantlistViewController.swift */,
				CD937EB122A6C66F00847B6B /* SearchViewController.swift */,
				CD937EB322A6C67B00847B6B /* BarCodeViewController.swift */,
				CD0D3A2922AE4EFB00D1BEA8 /* AlbumDetailViewController.swift */,
			);
			path = ViewController;
			sourceTree = "<group>";
		};
		CD15C41222A529650022F0E5 /* Cells */ = {
			isa = PBXGroup;
			children = (
				CD937E9F22A660BD00847B6B /* homeCollectionViewCell.swift */,
				CD937EA522A6771C00847B6B /* CollectionCoversCollectionViewCell.swift */,
				CD937EA922A6779F00847B6B /* ListViewTableViewCell.swift */,
				CDFDF8B622AE9970004FA56E /* WantlistCollectionViewCell.swift */,
			);
			path = Cells;
			sourceTree = "<group>";
		};
		CD15C41322A529920022F0E5 /* Utils */ = {
			isa = PBXGroup;
			children = (
				CD15C41422A529B20022F0E5 /* RoundedUIView.swift */,
				CD15C41922A57C7A0022F0E5 /* UIColor+MyVinylCollection.swift */,
				CD937EA122A66D0C00847B6B /* RoundedUIButton.swift */,
				CD652CB022A7238500C16E89 /* Constants.swift */,
			);
			path = Utils;
			sourceTree = "<group>";
		};
		CD652CB222A78B8600C16E89 /* Service */ = {
			isa = PBXGroup;
			children = (
				CD652CB322A78C0200C16E89 /* DataService.swift */,
			);
			path = Service;
			sourceTree = "<group>";
		};
		CD652CB522A78FF100C16E89 /* Model */ = {
			isa = PBXGroup;
			children = (
				CD652CC522A8039A00C16E89 /* Album+CoreDataClass.swift */,
				CD652CC622A8039A00C16E89 /* Album+CoreDataProperties.swift */,
			);
			path = Model;
			sourceTree = "<group>";
		};
		CD937EB522A6D1A100847B6B /* Base */ = {
			isa = PBXGroup;
			children = (
				CD652CAC22A6DFD000C16E89 /* BaseViewController.swift */,
				CD652CAE22A7178300C16E89 /* BaseTableViewController.swift */,
			);
			path = Base;
			sourceTree = "<group>";
		};
/* End PBXGroup section */

/* Begin PBXNativeTarget section */
		CD15C3F722A526030022F0E5 /* MyVinylCollection */ = {
			isa = PBXNativeTarget;
			buildConfigurationList = CD15C40D22A526040022F0E5 /* Build configuration list for PBXNativeTarget "MyVinylCollection" */;
			buildPhases = (
				020FA40D6D81A4EB3FE2D67E /* [CP] Check Pods Manifest.lock */,
				CD15C3F422A526030022F0E5 /* Sources */,
				CD15C3F522A526030022F0E5 /* Frameworks */,
				CD15C3F622A526030022F0E5 /* Resources */,
				1EDF03D10B53ED4F6A8CAA7D /* [CP] Embed Pods Frameworks */,
			);
			buildRules = (
			);
			dependencies = (
			);
			name = MyVinylCollection;
			productName = MyVinylCollection;
			productReference = CD15C3F822A526030022F0E5 /* MyVinylCollection.app */;
			productType = "com.apple.product-type.application";
		};
/* End PBXNativeTarget section */

/* Begin PBXProject section */
		CD15C3F022A526030022F0E5 /* Project object */ = {
			isa = PBXProject;
			attributes = {
				LastSwiftUpdateCheck = 1020;
				LastUpgradeCheck = 1020;
				ORGANIZATIONNAME = "Antoine Proux";
				TargetAttributes = {
					CD15C3F722A526030022F0E5 = {
						CreatedOnToolsVersion = 10.2.1;
					};
				};
			};
			buildConfigurationList = CD15C3F322A526030022F0E5 /* Build configuration list for PBXProject "MyVinylCollection" */;
			compatibilityVersion = "Xcode 9.3";
			developmentRegion = en;
			hasScannedForEncodings = 0;
			knownRegions = (
				en,
				Base,
			);
			mainGroup = CD15C3EF22A526030022F0E5;
			productRefGroup = CD15C3F922A526030022F0E5 /* Products */;
			projectDirPath = "";
			projectRoot = "";
			targets = (
				CD15C3F722A526030022F0E5 /* MyVinylCollection */,
			);
		};
/* End PBXProject section */

/* Begin PBXResourcesBuildPhase section */
		CD15C3F622A526030022F0E5 /* Resources */ = {
			isa = PBXResourcesBuildPhase;
			buildActionMask = 2147483647;
			files = (
				CD15C40922A526040022F0E5 /* LaunchScreen.storyboard in Resources */,
				CD15C40622A526040022F0E5 /* Assets.xcassets in Resources */,
				CD15C40122A526030022F0E5 /* Main.storyboard in Resources */,
			);
			runOnlyForDeploymentPostprocessing = 0;
		};
/* End PBXResourcesBuildPhase section */

/* Begin PBXShellScriptBuildPhase section */
		020FA40D6D81A4EB3FE2D67E /* [CP] Check Pods Manifest.lock */ = {
			isa = PBXShellScriptBuildPhase;
			buildActionMask = 2147483647;
			files = (
			);
			inputFileListPaths = (
			);
			inputPaths = (
				"${PODS_PODFILE_DIR_PATH}/Podfile.lock",
				"${PODS_ROOT}/Manifest.lock",
			);
			name = "[CP] Check Pods Manifest.lock";
			outputFileListPaths = (
			);
			outputPaths = (
				"$(DERIVED_FILE_DIR)/Pods-MyVinylCollection-checkManifestLockResult.txt",
			);
			runOnlyForDeploymentPostprocessing = 0;
			shellPath = /bin/sh;
			shellScript = "diff \"${PODS_PODFILE_DIR_PATH}/Podfile.lock\" \"${PODS_ROOT}/Manifest.lock\" > /dev/null\nif [ $? != 0 ] ; then\n    # print error to STDERR\n    echo \"error: The sandbox is not in sync with the Podfile.lock. Run 'pod install' or update your CocoaPods installation.\" >&2\n    exit 1\nfi\n# This output is used by Xcode 'outputs' to avoid re-running this script phase.\necho \"SUCCESS\" > \"${SCRIPT_OUTPUT_FILE_0}\"\n";
			showEnvVarsInLog = 0;
		};
		1EDF03D10B53ED4F6A8CAA7D /* [CP] Embed Pods Frameworks */ = {
			isa = PBXShellScriptBuildPhase;
			buildActionMask = 2147483647;
			files = (
			);
			inputFileListPaths = (
				"${PODS_ROOT}/Target Support Files/Pods-MyVinylCollection/Pods-MyVinylCollection-frameworks-${CONFIGURATION}-input-files.xcfilelist",
			);
			name = "[CP] Embed Pods Frameworks";
			outputFileListPaths = (
				"${PODS_ROOT}/Target Support Files/Pods-MyVinylCollection/Pods-MyVinylCollection-frameworks-${CONFIGURATION}-output-files.xcfilelist",
			);
			runOnlyForDeploymentPostprocessing = 0;
			shellPath = /bin/sh;
			shellScript = "\"${PODS_ROOT}/Target Support Files/Pods-MyVinylCollection/Pods-MyVinylCollection-frameworks.sh\"\n";
			showEnvVarsInLog = 0;
		};
/* End PBXShellScriptBuildPhase section */

/* Begin PBXSourcesBuildPhase section */
		CD15C3F422A526030022F0E5 /* Sources */ = {
			isa = PBXSourcesBuildPhase;
			buildActionMask = 2147483647;
			files = (
				CDFDF8B722AE9970004FA56E /* WantlistCollectionViewCell.swift in Sources */,
				CD937EB222A6C66F00847B6B /* SearchViewController.swift in Sources */,
				CD652CB122A7238500C16E89 /* Constants.swift in Sources */,
				CD0D3A2A22AE4EFB00D1BEA8 /* AlbumDetailViewController.swift in Sources */,
				CD937EAE22A6C65400847B6B /* CollectionViewController.swift in Sources */,
				CD652CC822A8039A00C16E89 /* Album+CoreDataProperties.swift in Sources */,
				CD937EAC22A6A42000847B6B /* LoginViewController.swift in Sources */,
				CD652CC722A8039A00C16E89 /* Album+CoreDataClass.swift in Sources */,
				CD937EA222A66D0C00847B6B /* RoundedUIButton.swift in Sources */,
				CD937EB422A6C67B00847B6B /* BarCodeViewController.swift in Sources */,
				CD937EB022A6C66100847B6B /* WantlistViewController.swift in Sources */,
				CD652CAF22A7178300C16E89 /* BaseTableViewController.swift in Sources */,
				CD652CAD22A6DFD000C16E89 /* BaseViewController.swift in Sources */,
				CD15C41522A529B20022F0E5 /* RoundedUIView.swift in Sources */,
				CD15C40422A526030022F0E5 /* MyVinylCollection.xcdatamodeld in Sources */,
				CD937EAA22A6779F00847B6B /* ListViewTableViewCell.swift in Sources */,
				CD937EA622A6771C00847B6B /* CollectionCoversCollectionViewCell.swift in Sources */,
				CD15C3FE22A526030022F0E5 /* HomeViewController.swift in Sources */,
				CD937EA022A660BD00847B6B /* homeCollectionViewCell.swift in Sources */,
				CD15C41A22A57C7A0022F0E5 /* UIColor+MyVinylCollection.swift in Sources */,
				CD15C3FC22A526030022F0E5 /* AppDelegate.swift in Sources */,
				CD652CB422A78C0200C16E89 /* DataService.swift in Sources */,
			);
			runOnlyForDeploymentPostprocessing = 0;
		};
/* End PBXSourcesBuildPhase section */

/* Begin PBXVariantGroup section */
		CD15C3FF22A526030022F0E5 /* Main.storyboard */ = {
			isa = PBXVariantGroup;
			children = (
				CD15C40022A526030022F0E5 /* Base */,
			);
			name = Main.storyboard;
			sourceTree = "<group>";
		};
		CD15C40722A526040022F0E5 /* LaunchScreen.storyboard */ = {
			isa = PBXVariantGroup;
			children = (
				CD15C40822A526040022F0E5 /* Base */,
			);
			name = LaunchScreen.storyboard;
			sourceTree = "<group>";
		};
/* End PBXVariantGroup section */

/* Begin XCBuildConfiguration section */
		CD15C40B22A526040022F0E5 /* Debug */ = {
			isa = XCBuildConfiguration;
			buildSettings = {
				ALWAYS_SEARCH_USER_PATHS = NO;
				CLANG_ANALYZER_NONNULL = YES;
				CLANG_ANALYZER_NUMBER_OBJECT_CONVERSION = YES_AGGRESSIVE;
				CLANG_CXX_LANGUAGE_STANDARD = "gnu++14";
				CLANG_CXX_LIBRARY = "libc++";
				CLANG_ENABLE_MODULES = YES;
				CLANG_ENABLE_OBJC_ARC = YES;
				CLANG_ENABLE_OBJC_WEAK = YES;
				CLANG_WARN_BLOCK_CAPTURE_AUTORELEASING = YES;
				CLANG_WARN_BOOL_CONVERSION = YES;
				CLANG_WARN_COMMA = YES;
				CLANG_WARN_CONSTANT_CONVERSION = YES;
				CLANG_WARN_DEPRECATED_OBJC_IMPLEMENTATIONS = YES;
				CLANG_WARN_DIRECT_OBJC_ISA_USAGE = YES_ERROR;
				CLANG_WARN_DOCUMENTATION_COMMENTS = YES;
				CLANG_WARN_EMPTY_BODY = YES;
				CLANG_WARN_ENUM_CONVERSION = YES;
				CLANG_WARN_INFINITE_RECURSION = YES;
				CLANG_WARN_INT_CONVERSION = YES;
				CLANG_WARN_NON_LITERAL_NULL_CONVERSION = YES;
				CLANG_WARN_OBJC_IMPLICIT_RETAIN_SELF = YES;
				CLANG_WARN_OBJC_LITERAL_CONVERSION = YES;
				CLANG_WARN_OBJC_ROOT_CLASS = YES_ERROR;
				CLANG_WARN_RANGE_LOOP_ANALYSIS = YES;
				CLANG_WARN_STRICT_PROTOTYPES = YES;
				CLANG_WARN_SUSPICIOUS_MOVE = YES;
				CLANG_WARN_UNGUARDED_AVAILABILITY = YES_AGGRESSIVE;
				CLANG_WARN_UNREACHABLE_CODE = YES;
				CLANG_WARN__DUPLICATE_METHOD_MATCH = YES;
				CODE_SIGN_IDENTITY = "iPhone Developer";
				COPY_PHASE_STRIP = NO;
				DEBUG_INFORMATION_FORMAT = dwarf;
				ENABLE_STRICT_OBJC_MSGSEND = YES;
				ENABLE_TESTABILITY = YES;
				GCC_C_LANGUAGE_STANDARD = gnu11;
				GCC_DYNAMIC_NO_PIC = NO;
				GCC_NO_COMMON_BLOCKS = YES;
				GCC_OPTIMIZATION_LEVEL = 0;
				GCC_PREPROCESSOR_DEFINITIONS = (
					"DEBUG=1",
					"$(inherited)",
				);
				GCC_WARN_64_TO_32_BIT_CONVERSION = YES;
				GCC_WARN_ABOUT_RETURN_TYPE = YES_ERROR;
				GCC_WARN_UNDECLARED_SELECTOR = YES;
				GCC_WARN_UNINITIALIZED_AUTOS = YES_AGGRESSIVE;
				GCC_WARN_UNUSED_FUNCTION = YES;
				GCC_WARN_UNUSED_VARIABLE = YES;
				IPHONEOS_DEPLOYMENT_TARGET = 12.2;
				MTL_ENABLE_DEBUG_INFO = INCLUDE_SOURCE;
				MTL_FAST_MATH = YES;
				ONLY_ACTIVE_ARCH = YES;
				SDKROOT = iphoneos;
				SWIFT_ACTIVE_COMPILATION_CONDITIONS = DEBUG;
				SWIFT_OPTIMIZATION_LEVEL = "-Onone";
			};
			name = Debug;
		};
		CD15C40C22A526040022F0E5 /* Release */ = {
			isa = XCBuildConfiguration;
			buildSettings = {
				ALWAYS_SEARCH_USER_PATHS = NO;
				CLANG_ANALYZER_NONNULL = YES;
				CLANG_ANALYZER_NUMBER_OBJECT_CONVERSION = YES_AGGRESSIVE;
				CLANG_CXX_LANGUAGE_STANDARD = "gnu++14";
				CLANG_CXX_LIBRARY = "libc++";
				CLANG_ENABLE_MODULES = YES;
				CLANG_ENABLE_OBJC_ARC = YES;
				CLANG_ENABLE_OBJC_WEAK = YES;
				CLANG_WARN_BLOCK_CAPTURE_AUTORELEASING = YES;
				CLANG_WARN_BOOL_CONVERSION = YES;
				CLANG_WARN_COMMA = YES;
				CLANG_WARN_CONSTANT_CONVERSION = YES;
				CLANG_WARN_DEPRECATED_OBJC_IMPLEMENTATIONS = YES;
				CLANG_WARN_DIRECT_OBJC_ISA_USAGE = YES_ERROR;
				CLANG_WARN_DOCUMENTATION_COMMENTS = YES;
				CLANG_WARN_EMPTY_BODY = YES;
				CLANG_WARN_ENUM_CONVERSION = YES;
				CLANG_WARN_INFINITE_RECURSION = YES;
				CLANG_WARN_INT_CONVERSION = YES;
				CLANG_WARN_NON_LITERAL_NULL_CONVERSION = YES;
				CLANG_WARN_OBJC_IMPLICIT_RETAIN_SELF = YES;
				CLANG_WARN_OBJC_LITERAL_CONVERSION = YES;
				CLANG_WARN_OBJC_ROOT_CLASS = YES_ERROR;
				CLANG_WARN_RANGE_LOOP_ANALYSIS = YES;
				CLANG_WARN_STRICT_PROTOTYPES = YES;
				CLANG_WARN_SUSPICIOUS_MOVE = YES;
				CLANG_WARN_UNGUARDED_AVAILABILITY = YES_AGGRESSIVE;
				CLANG_WARN_UNREACHABLE_CODE = YES;
				CLANG_WARN__DUPLICATE_METHOD_MATCH = YES;
				CODE_SIGN_IDENTITY = "iPhone Developer";
				COPY_PHASE_STRIP = NO;
				DEBUG_INFORMATION_FORMAT = "dwarf-with-dsym";
				ENABLE_NS_ASSERTIONS = NO;
				ENABLE_STRICT_OBJC_MSGSEND = YES;
				GCC_C_LANGUAGE_STANDARD = gnu11;
				GCC_NO_COMMON_BLOCKS = YES;
				GCC_WARN_64_TO_32_BIT_CONVERSION = YES;
				GCC_WARN_ABOUT_RETURN_TYPE = YES_ERROR;
				GCC_WARN_UNDECLARED_SELECTOR = YES;
				GCC_WARN_UNINITIALIZED_AUTOS = YES_AGGRESSIVE;
				GCC_WARN_UNUSED_FUNCTION = YES;
				GCC_WARN_UNUSED_VARIABLE = YES;
				IPHONEOS_DEPLOYMENT_TARGET = 12.2;
				MTL_ENABLE_DEBUG_INFO = NO;
				MTL_FAST_MATH = YES;
				SDKROOT = iphoneos;
				SWIFT_COMPILATION_MODE = wholemodule;
				SWIFT_OPTIMIZATION_LEVEL = "-O";
				VALIDATE_PRODUCT = YES;
			};
			name = Release;
		};
		CD15C40E22A526040022F0E5 /* Debug */ = {
			isa = XCBuildConfiguration;
			baseConfigurationReference = 2E067AEEB18BDFF8E737DDA4 /* Pods-MyVinylCollection.debug.xcconfig */;
			buildSettings = {
				ASSETCATALOG_COMPILER_APPICON_NAME = AppIcon;
				CODE_SIGN_STYLE = Automatic;
				DEVELOPMENT_TEAM = 96DZ48A3NY;
				INFOPLIST_FILE = MyVinylCollection/Info.plist;
				LD_RUNPATH_SEARCH_PATHS = (
					"$(inherited)",
					"@executable_path/Frameworks",
				);
				PRODUCT_BUNDLE_IDENTIFIER = com.aprouxdev.MyVinylCollection;
				PRODUCT_NAME = "$(TARGET_NAME)";
				SWIFT_VERSION = 5.0;
				TARGETED_DEVICE_FAMILY = "1,2";
			};
			name = Debug;
		};
		CD15C40F22A526040022F0E5 /* Release */ = {
			isa = XCBuildConfiguration;
			baseConfigurationReference = 75A85F0A0CE32B7D9ECF7DA2 /* Pods-MyVinylCollection.release.xcconfig */;
			buildSettings = {
				ASSETCATALOG_COMPILER_APPICON_NAME = AppIcon;
				CODE_SIGN_STYLE = Automatic;
				DEVELOPMENT_TEAM = 96DZ48A3NY;
				INFOPLIST_FILE = MyVinylCollection/Info.plist;
				LD_RUNPATH_SEARCH_PATHS = (
					"$(inherited)",
					"@executable_path/Frameworks",
				);
				PRODUCT_BUNDLE_IDENTIFIER = com.aprouxdev.MyVinylCollection;
				PRODUCT_NAME = "$(TARGET_NAME)";
				SWIFT_VERSION = 5.0;
				TARGETED_DEVICE_FAMILY = "1,2";
			};
			name = Release;
		};
/* End XCBuildConfiguration section */

/* Begin XCConfigurationList section */
		CD15C3F322A526030022F0E5 /* Build configuration list for PBXProject "MyVinylCollection" */ = {
			isa = XCConfigurationList;
			buildConfigurations = (
				CD15C40B22A526040022F0E5 /* Debug */,
				CD15C40C22A526040022F0E5 /* Release */,
			);
			defaultConfigurationIsVisible = 0;
			defaultConfigurationName = Release;
		};
		CD15C40D22A526040022F0E5 /* Build configuration list for PBXNativeTarget "MyVinylCollection" */ = {
			isa = XCConfigurationList;
			buildConfigurations = (
				CD15C40E22A526040022F0E5 /* Debug */,
				CD15C40F22A526040022F0E5 /* Release */,
			);
			defaultConfigurationIsVisible = 0;
			defaultConfigurationName = Release;
		};
/* End XCConfigurationList section */

/* Begin XCVersionGroup section */
		CD15C40222A526030022F0E5 /* MyVinylCollection.xcdatamodeld */ = {
			isa = XCVersionGroup;
			children = (
				CD15C40322A526030022F0E5 /* MyVinylCollection.xcdatamodel */,
			);
			currentVersion = CD15C40322A526030022F0E5 /* MyVinylCollection.xcdatamodel */;
			path = MyVinylCollection.xcdatamodeld;
			sourceTree = "<group>";
			versionGroupType = wrapper.xcdatamodel;
		};
/* End XCVersionGroup section */
	};
	rootObject = CD15C3F022A526030022F0E5 /* Project object */;
}
